
Microsoft Visual Studio Solution File, Format Version 12.00
# Visual Studio Version 17
VisualStudioVersion = 17.4.33205.214
MinimumVisualStudioVersion = 10.0.40219.1
Project("{9A19103F-16F7-4668-BE54-9A1E7A4F7556}") = "Bal.Converter", "sources\Bal.Converter\Bal.Converter.csproj", "{708A91A9-4416-4213-ACAC-F454498D6A7D}"
EndProject
Project("{9A19103F-16F7-4668-BE54-9A1E7A4F7556}") = "Bal.Converter.Common", "sources\Bal.Converter.Common\Bal.Converter.Common.csproj", "{D30CD2CC-E40A-441B-BD07-64F00FF5A416}"
EndProject
Project("{9A19103F-16F7-4668-BE54-9A1E7A4F7556}") = "Bal.Converter.Common.Transformation", "sources\Bal.Converter.Common.Transformation\Bal.Converter.Common.Transformation.csproj", "{8EBBE479-5809-463B-9569-62AA2A8ED4B6}"
EndProject
Project("{9A19103F-16F7-4668-BE54-9A1E7A4F7556}") = "Bal.Converter.FFmpeg", "sources\Bal.Converter.FFmpeg\Bal.Converter.FFmpeg.csproj", "{A5524921-CA4C-4427-876D-6E46A48E30A7}"
EndProject
Project("{9A19103F-16F7-4668-BE54-9A1E7A4F7556}") = "Bal.Converter.CLI", "sources\Bal.Converter.CLI\Bal.Converter.CLI.csproj", "{AA079E0B-9B0D-4F4B-9E27-8D5A12F24840}"
EndProject
Project("{8BC9CEB8-8B4A-11D0-8D11-00A0C91BC942}") = "bal-shellext", "sources\bal-shellext\bal-shellext.vcxproj", "{140BDD29-FE45-4536-8470-74533E8BCFC2}"
EndProject
Project("{2150E333-8FDC-42A3-9474-1A3956D46DE8}") = "Native", "Native", "{5E777ADD-CD41-43A1-A25B-A968C9CDD5D8}"
EndProject
Project("{9A19103F-16F7-4668-BE54-9A1E7A4F7556}") = "Bal.Converter.YouTubeDl", "sources\Bal.Converter.YouTubeDl\Bal.Converter.YouTubeDl.csproj", "{3218552D-170F-4EBA-A5AE-A3101B4A0F29}"
EndProject
Global
	GlobalSection(SolutionConfigurationPlatforms) = preSolution
		Debug|Any CPU = Debug|Any CPU
		Debug|ARM = Debug|ARM
		Debug|arm64 = Debug|arm64
		Debug|x64 = Debug|x64
		Debug|x86 = Debug|x86
		Release|Any CPU = Release|Any CPU
		Release|ARM = Release|ARM
		Release|arm64 = Release|arm64
		Release|x64 = Release|x64
		Release|x86 = Release|x86
	EndGlobalSection
	GlobalSection(ProjectConfigurationPlatforms) = postSolution
		{708A91A9-4416-4213-ACAC-F454498D6A7D}.Debug|Any CPU.ActiveCfg = Debug|x64
		{708A91A9-4416-4213-ACAC-F454498D6A7D}.Debug|Any CPU.Build.0 = Debug|x64
		{708A91A9-4416-4213-ACAC-F454498D6A7D}.Debug|Any CPU.Deploy.0 = Debug|x64
		{708A91A9-4416-4213-ACAC-F454498D6A7D}.Debug|ARM.ActiveCfg = Debug|x64
		{708A91A9-4416-4213-ACAC-F454498D6A7D}.Debug|ARM.Build.0 = Debug|x64
		{708A91A9-4416-4213-ACAC-F454498D6A7D}.Debug|ARM.Deploy.0 = Debug|x64
		{708A91A9-4416-4213-ACAC-F454498D6A7D}.Debug|arm64.ActiveCfg = Debug|arm64
		{708A91A9-4416-4213-ACAC-F454498D6A7D}.Debug|arm64.Build.0 = Debug|arm64
		{708A91A9-4416-4213-ACAC-F454498D6A7D}.Debug|arm64.Deploy.0 = Debug|arm64
		{708A91A9-4416-4213-ACAC-F454498D6A7D}.Debug|x64.ActiveCfg = Debug|x64
		{708A91A9-4416-4213-ACAC-F454498D6A7D}.Debug|x64.Build.0 = Debug|x64
		{708A91A9-4416-4213-ACAC-F454498D6A7D}.Debug|x64.Deploy.0 = Debug|x64
		{708A91A9-4416-4213-ACAC-F454498D6A7D}.Debug|x86.ActiveCfg = Debug|x86
		{708A91A9-4416-4213-ACAC-F454498D6A7D}.Debug|x86.Build.0 = Debug|x86
		{708A91A9-4416-4213-ACAC-F454498D6A7D}.Debug|x86.Deploy.0 = Debug|x86
		{708A91A9-4416-4213-ACAC-F454498D6A7D}.Release|Any CPU.ActiveCfg = Release|x64
		{708A91A9-4416-4213-ACAC-F454498D6A7D}.Release|Any CPU.Build.0 = Release|x64
		{708A91A9-4416-4213-ACAC-F454498D6A7D}.Release|Any CPU.Deploy.0 = Release|x64
		{708A91A9-4416-4213-ACAC-F454498D6A7D}.Release|ARM.ActiveCfg = Release|x64
		{708A91A9-4416-4213-ACAC-F454498D6A7D}.Release|ARM.Build.0 = Release|x64
		{708A91A9-4416-4213-ACAC-F454498D6A7D}.Release|ARM.Deploy.0 = Release|x64
		{708A91A9-4416-4213-ACAC-F454498D6A7D}.Release|arm64.ActiveCfg = Release|arm64
		{708A91A9-4416-4213-ACAC-F454498D6A7D}.Release|arm64.Build.0 = Release|arm64
		{708A91A9-4416-4213-ACAC-F454498D6A7D}.Release|arm64.Deploy.0 = Release|arm64
		{708A91A9-4416-4213-ACAC-F454498D6A7D}.Release|x64.ActiveCfg = Release|x64
		{708A91A9-4416-4213-ACAC-F454498D6A7D}.Release|x64.Build.0 = Release|x64
		{708A91A9-4416-4213-ACAC-F454498D6A7D}.Release|x64.Deploy.0 = Release|x64
		{708A91A9-4416-4213-ACAC-F454498D6A7D}.Release|x86.ActiveCfg = Release|x86
		{708A91A9-4416-4213-ACAC-F454498D6A7D}.Release|x86.Build.0 = Release|x86
		{708A91A9-4416-4213-ACAC-F454498D6A7D}.Release|x86.Deploy.0 = Release|x86
		{D30CD2CC-E40A-441B-BD07-64F00FF5A416}.Debug|Any CPU.ActiveCfg = Debug|Any CPU
		{D30CD2CC-E40A-441B-BD07-64F00FF5A416}.Debug|Any CPU.Build.0 = Debug|Any CPU
		{D30CD2CC-E40A-441B-BD07-64F00FF5A416}.Debug|ARM.ActiveCfg = Debug|Any CPU
		{D30CD2CC-E40A-441B-BD07-64F00FF5A416}.Debug|ARM.Build.0 = Debug|Any CPU
		{D30CD2CC-E40A-441B-BD07-64F00FF5A416}.Debug|arm64.ActiveCfg = Debug|Any CPU
		{D30CD2CC-E40A-441B-BD07-64F00FF5A416}.Debug|arm64.Build.0 = Debug|Any CPU
		{D30CD2CC-E40A-441B-BD07-64F00FF5A416}.Debug|x64.ActiveCfg = Debug|Any CPU
		{D30CD2CC-E40A-441B-BD07-64F00FF5A416}.Debug|x64.Build.0 = Debug|Any CPU
		{D30CD2CC-E40A-441B-BD07-64F00FF5A416}.Debug|x86.ActiveCfg = Debug|Any CPU
		{D30CD2CC-E40A-441B-BD07-64F00FF5A416}.Debug|x86.Build.0 = Debug|Any CPU
		{D30CD2CC-E40A-441B-BD07-64F00FF5A416}.Release|Any CPU.ActiveCfg = Release|Any CPU
		{D30CD2CC-E40A-441B-BD07-64F00FF5A416}.Release|Any CPU.Build.0 = Release|Any CPU
		{D30CD2CC-E40A-441B-BD07-64F00FF5A416}.Release|ARM.ActiveCfg = Release|Any CPU
		{D30CD2CC-E40A-441B-BD07-64F00FF5A416}.Release|ARM.Build.0 = Release|Any CPU
		{D30CD2CC-E40A-441B-BD07-64F00FF5A416}.Release|arm64.ActiveCfg = Release|Any CPU
		{D30CD2CC-E40A-441B-BD07-64F00FF5A416}.Release|arm64.Build.0 = Release|Any CPU
		{D30CD2CC-E40A-441B-BD07-64F00FF5A416}.Release|x64.ActiveCfg = Release|Any CPU
		{D30CD2CC-E40A-441B-BD07-64F00FF5A416}.Release|x64.Build.0 = Release|Any CPU
		{D30CD2CC-E40A-441B-BD07-64F00FF5A416}.Release|x86.ActiveCfg = Release|Any CPU
		{D30CD2CC-E40A-441B-BD07-64F00FF5A416}.Release|x86.Build.0 = Release|Any CPU
		{8EBBE479-5809-463B-9569-62AA2A8ED4B6}.Debug|Any CPU.ActiveCfg = Debug|Any CPU
		{8EBBE479-5809-463B-9569-62AA2A8ED4B6}.Debug|Any CPU.Build.0 = Debug|Any CPU
		{8EBBE479-5809-463B-9569-62AA2A8ED4B6}.Debug|ARM.ActiveCfg = Debug|Any CPU
		{8EBBE479-5809-463B-9569-62AA2A8ED4B6}.Debug|ARM.Build.0 = Debug|Any CPU
		{8EBBE479-5809-463B-9569-62AA2A8ED4B6}.Debug|arm64.ActiveCfg = Debug|Any CPU
		{8EBBE479-5809-463B-9569-62AA2A8ED4B6}.Debug|arm64.Build.0 = Debug|Any CPU
		{8EBBE479-5809-463B-9569-62AA2A8ED4B6}.Debug|x64.ActiveCfg = Debug|Any CPU
		{8EBBE479-5809-463B-9569-62AA2A8ED4B6}.Debug|x64.Build.0 = Debug|Any CPU
		{8EBBE479-5809-463B-9569-62AA2A8ED4B6}.Debug|x86.ActiveCfg = Debug|Any CPU
		{8EBBE479-5809-463B-9569-62AA2A8ED4B6}.Debug|x86.Build.0 = Debug|Any CPU
		{8EBBE479-5809-463B-9569-62AA2A8ED4B6}.Release|Any CPU.ActiveCfg = Release|Any CPU
		{8EBBE479-5809-463B-9569-62AA2A8ED4B6}.Release|Any CPU.Build.0 = Release|Any CPU
		{8EBBE479-5809-463B-9569-62AA2A8ED4B6}.Release|ARM.ActiveCfg = Release|Any CPU
		{8EBBE479-5809-463B-9569-62AA2A8ED4B6}.Release|ARM.Build.0 = Release|Any CPU
		{8EBBE479-5809-463B-9569-62AA2A8ED4B6}.Release|arm64.ActiveCfg = Release|Any CPU
		{8EBBE479-5809-463B-9569-62AA2A8ED4B6}.Release|arm64.Build.0 = Release|Any CPU
		{8EBBE479-5809-463B-9569-62AA2A8ED4B6}.Release|x64.ActiveCfg = Release|Any CPU
		{8EBBE479-5809-463B-9569-62AA2A8ED4B6}.Release|x64.Build.0 = Release|Any CPU
		{8EBBE479-5809-463B-9569-62AA2A8ED4B6}.Release|x86.ActiveCfg = Release|Any CPU
		{8EBBE479-5809-463B-9569-62AA2A8ED4B6}.Release|x86.Build.0 = Release|Any CPU
		{A5524921-CA4C-4427-876D-6E46A48E30A7}.Debug|Any CPU.ActiveCfg = Debug|Any CPU
		{A5524921-CA4C-4427-876D-6E46A48E30A7}.Debug|Any CPU.Build.0 = Debug|Any CPU
		{A5524921-CA4C-4427-876D-6E46A48E30A7}.Debug|ARM.ActiveCfg = Debug|Any CPU
		{A5524921-CA4C-4427-876D-6E46A48E30A7}.Debug|ARM.Build.0 = Debug|Any CPU
		{A5524921-CA4C-4427-876D-6E46A48E30A7}.Debug|arm64.ActiveCfg = Debug|Any CPU
		{A5524921-CA4C-4427-876D-6E46A48E30A7}.Debug|arm64.Build.0 = Debug|Any CPU
		{A5524921-CA4C-4427-876D-6E46A48E30A7}.Debug|x64.ActiveCfg = Debug|Any CPU
		{A5524921-CA4C-4427-876D-6E46A48E30A7}.Debug|x64.Build.0 = Debug|Any CPU
		{A5524921-CA4C-4427-876D-6E46A48E30A7}.Debug|x86.ActiveCfg = Debug|Any CPU
		{A5524921-CA4C-4427-876D-6E46A48E30A7}.Debug|x86.Build.0 = Debug|Any CPU
		{A5524921-CA4C-4427-876D-6E46A48E30A7}.Release|Any CPU.ActiveCfg = Release|Any CPU
		{A5524921-CA4C-4427-876D-6E46A48E30A7}.Release|Any CPU.Build.0 = Release|Any CPU
		{A5524921-CA4C-4427-876D-6E46A48E30A7}.Release|ARM.ActiveCfg = Release|Any CPU
		{A5524921-CA4C-4427-876D-6E46A48E30A7}.Release|ARM.Build.0 = Release|Any CPU
		{A5524921-CA4C-4427-876D-6E46A48E30A7}.Release|arm64.ActiveCfg = Release|Any CPU
		{A5524921-CA4C-4427-876D-6E46A48E30A7}.Release|arm64.Build.0 = Release|Any CPU
		{A5524921-CA4C-4427-876D-6E46A48E30A7}.Release|x64.ActiveCfg = Release|Any CPU
		{A5524921-CA4C-4427-876D-6E46A48E30A7}.Release|x64.Build.0 = Release|Any CPU
		{A5524921-CA4C-4427-876D-6E46A48E30A7}.Release|x86.ActiveCfg = Release|Any CPU
		{A5524921-CA4C-4427-876D-6E46A48E30A7}.Release|x86.Build.0 = Release|Any CPU
		{AA079E0B-9B0D-4F4B-9E27-8D5A12F24840}.Debug|Any CPU.ActiveCfg = Debug|Any CPU
		{AA079E0B-9B0D-4F4B-9E27-8D5A12F24840}.Debug|Any CPU.Build.0 = Debug|Any CPU
		{AA079E0B-9B0D-4F4B-9E27-8D5A12F24840}.Debug|ARM.ActiveCfg = Debug|Any CPU
		{AA079E0B-9B0D-4F4B-9E27-8D5A12F24840}.Debug|ARM.Build.0 = Debug|Any CPU
		{AA079E0B-9B0D-4F4B-9E27-8D5A12F24840}.Debug|arm64.ActiveCfg = Debug|Any CPU
		{AA079E0B-9B0D-4F4B-9E27-8D5A12F24840}.Debug|arm64.Build.0 = Debug|Any CPU
		{AA079E0B-9B0D-4F4B-9E27-8D5A12F24840}.Debug|x64.ActiveCfg = Debug|Any CPU
		{AA079E0B-9B0D-4F4B-9E27-8D5A12F24840}.Debug|x64.Build.0 = Debug|Any CPU
		{AA079E0B-9B0D-4F4B-9E27-8D5A12F24840}.Debug|x86.ActiveCfg = Debug|Any CPU
		{AA079E0B-9B0D-4F4B-9E27-8D5A12F24840}.Debug|x86.Build.0 = Debug|Any CPU
		{AA079E0B-9B0D-4F4B-9E27-8D5A12F24840}.Release|Any CPU.ActiveCfg = Release|Any CPU
		{AA079E0B-9B0D-4F4B-9E27-8D5A12F24840}.Release|Any CPU.Build.0 = Release|Any CPU
		{AA079E0B-9B0D-4F4B-9E27-8D5A12F24840}.Release|ARM.ActiveCfg = Release|Any CPU
		{AA079E0B-9B0D-4F4B-9E27-8D5A12F24840}.Release|ARM.Build.0 = Release|Any CPU
		{AA079E0B-9B0D-4F4B-9E27-8D5A12F24840}.Release|arm64.ActiveCfg = Release|Any CPU
		{AA079E0B-9B0D-4F4B-9E27-8D5A12F24840}.Release|arm64.Build.0 = Release|Any CPU
		{AA079E0B-9B0D-4F4B-9E27-8D5A12F24840}.Release|x64.ActiveCfg = Release|Any CPU
		{AA079E0B-9B0D-4F4B-9E27-8D5A12F24840}.Release|x64.Build.0 = Release|Any CPU
		{AA079E0B-9B0D-4F4B-9E27-8D5A12F24840}.Release|x86.ActiveCfg = Release|Any CPU
		{AA079E0B-9B0D-4F4B-9E27-8D5A12F24840}.Release|x86.Build.0 = Release|Any CPU
		{140BDD29-FE45-4536-8470-74533E8BCFC2}.Debug|Any CPU.ActiveCfg = Debug|x64
		{140BDD29-FE45-4536-8470-74533E8BCFC2}.Debug|Any CPU.Build.0 = Debug|x64
		{140BDD29-FE45-4536-8470-74533E8BCFC2}.Debug|ARM.ActiveCfg = Debug|x64
		{140BDD29-FE45-4536-8470-74533E8BCFC2}.Debug|ARM.Build.0 = Debug|x64
		{140BDD29-FE45-4536-8470-74533E8BCFC2}.Debug|arm64.ActiveCfg = Debug|x64
		{140BDD29-FE45-4536-8470-74533E8BCFC2}.Debug|arm64.Build.0 = Debug|x64
		{140BDD29-FE45-4536-8470-74533E8BCFC2}.Debug|x64.ActiveCfg = Debug|x64
		{140BDD29-FE45-4536-8470-74533E8BCFC2}.Debug|x64.Build.0 = Debug|x64
		{140BDD29-FE45-4536-8470-74533E8BCFC2}.Debug|x86.ActiveCfg = Debug|Win32
		{140BDD29-FE45-4536-8470-74533E8BCFC2}.Debug|x86.Build.0 = Debug|Win32
		{140BDD29-FE45-4536-8470-74533E8BCFC2}.Release|Any CPU.ActiveCfg = Release|x64
		{140BDD29-FE45-4536-8470-74533E8BCFC2}.Release|Any CPU.Build.0 = Release|x64
		{140BDD29-FE45-4536-8470-74533E8BCFC2}.Release|ARM.ActiveCfg = Release|x64
		{140BDD29-FE45-4536-8470-74533E8BCFC2}.Release|ARM.Build.0 = Release|x64
		{140BDD29-FE45-4536-8470-74533E8BCFC2}.Release|arm64.ActiveCfg = Release|x64
		{140BDD29-FE45-4536-8470-74533E8BCFC2}.Release|arm64.Build.0 = Release|x64
		{140BDD29-FE45-4536-8470-74533E8BCFC2}.Release|x64.ActiveCfg = Release|x64
		{140BDD29-FE45-4536-8470-74533E8BCFC2}.Release|x64.Build.0 = Release|x64
		{140BDD29-FE45-4536-8470-74533E8BCFC2}.Release|x86.ActiveCfg = Release|Win32
		{140BDD29-FE45-4536-8470-74533E8BCFC2}.Release|x86.Build.0 = Release|Win32
		{3218552D-170F-4EBA-A5AE-A3101B4A0F29}.Debug|Any CPU.ActiveCfg = Debug|Any CPU
		{3218552D-170F-4EBA-A5AE-A3101B4A0F29}.Debug|Any CPU.Build.0 = Debug|Any CPU
		{3218552D-170F-4EBA-A5AE-A3101B4A0F29}.Debug|ARM.ActiveCfg = Debug|Any CPU
		{3218552D-170F-4EBA-A5AE-A3101B4A0F29}.Debug|ARM.Build.0 = Debug|Any CPU
		{3218552D-170F-4EBA-A5AE-A3101B4A0F29}.Debug|arm64.ActiveCfg = Debug|Any CPU
		{3218552D-170F-4EBA-A5AE-A3101B4A0F29}.Debug|arm64.Build.0 = Debug|Any CPU
		{3218552D-170F-4EBA-A5AE-A3101B4A0F29}.Debug|x64.ActiveCfg = Debug|Any CPU
		{3218552D-170F-4EBA-A5AE-A3101B4A0F29}.Debug|x64.Build.0 = Debug|Any CPU
		{3218552D-170F-4EBA-A5AE-A3101B4A0F29}.Debug|x86.ActiveCfg = Debug|Any CPU
		{3218552D-170F-4EBA-A5AE-A3101B4A0F29}.Debug|x86.Build.0 = Debug|Any CPU
		{3218552D-170F-4EBA-A5AE-A3101B4A0F29}.Release|Any CPU.ActiveCfg = Release|Any CPU
		{3218552D-170F-4EBA-A5AE-A3101B4A0F29}.Release|Any CPU.Build.0 = Release|Any CPU
		{3218552D-170F-4EBA-A5AE-A3101B4A0F29}.Release|ARM.ActiveCfg = Release|Any CPU
		{3218552D-170F-4EBA-A5AE-A3101B4A0F29}.Release|ARM.Build.0 = Release|Any CPU
		{3218552D-170F-4EBA-A5AE-A3101B4A0F29}.Release|arm64.ActiveCfg = Release|Any CPU
		{3218552D-170F-4EBA-A5AE-A3101B4A0F29}.Release|arm64.Build.0 = Release|Any CPU
		{3218552D-170F-4EBA-A5AE-A3101B4A0F29}.Release|x64.ActiveCfg = Release|Any CPU
		{3218552D-170F-4EBA-A5AE-A3101B4A0F29}.Release|x64.Build.0 = Release|Any CPU
		{3218552D-170F-4EBA-A5AE-A3101B4A0F29}.Release|x86.ActiveCfg = Release|Any CPU
		{3218552D-170F-4EBA-A5AE-A3101B4A0F29}.Release|x86.Build.0 = Release|Any CPU
	EndGlobalSection
	GlobalSection(SolutionProperties) = preSolution
		HideSolutionNode = FALSE
	EndGlobalSection
	GlobalSection(NestedProjects) = preSolution
		{140BDD29-FE45-4536-8470-74533E8BCFC2} = {5E777ADD-CD41-43A1-A25B-A968C9CDD5D8}
	EndGlobalSection
	GlobalSection(ExtensibilityGlobals) = postSolution
		SolutionGuid = {C44C2584-7AD0-4FDC-AA1F-6398E232DC47}
	EndGlobalSection
EndGlobal
